
Microsoft Visual Studio Solution File, Format Version 12.00
# Visual Studio Version 17
VisualStudioVersion = 17.5.33627.172
MinimumVisualStudioVersion = 10.0.40219.1
Project("{FAE04EC0-301F-11D3-BF4B-00C04F79EFBC}") = "Hedgehog", "Hedgehog\Hedgehog.csproj", "{B0070082-6CEC-42C7-AEB3-D774471BFDF9}"
EndProject
Project("{FAE04EC0-301F-11D3-BF4B-00C04F79EFBC}") = "TestProject1", "TestProject1\TestProject1.csproj", "{5CCFDB4C-F064-4882-9FA2-AA0501D5E987}"
EndProject
Global
	GlobalSection(SolutionConfigurationPlatforms) = preSolution
		Debug|Any CPU = Debug|Any CPU
		Release|Any CPU = Release|Any CPU
	EndGlobalSection
	GlobalSection(ProjectConfigurationPlatforms) = postSolution
		{B0070082-6CEC-42C7-AEB3-D774471BFDF9}.Debug|Any CPU.ActiveCfg = Debug|Any CPU
		{B0070082-6CEC-42C7-AEB3-D774471BFDF9}.Debug|Any CPU.Build.0 = Debug|Any CPU
		{B0070082-6CEC-42C7-AEB3-D774471BFDF9}.Release|Any CPU.ActiveCfg = Release|Any CPU
		{B0070082-6CEC-42C7-AEB3-D774471BFDF9}.Release|Any CPU.Build.0 = Release|Any CPU
		{5CCFDB4C-F064-4882-9FA2-AA0501D5E987}.Debug|Any CPU.ActiveCfg = Debug|Any CPU
		{5CCFDB4C-F064-4882-9FA2-AA0501D5E987}.Debug|Any CPU.Build.0 = Debug|Any CPU
		{5CCFDB4C-F064-4882-9FA2-AA0501D5E987}.Release|Any CPU.ActiveCfg = Release|Any CPU
		{5CCFDB4C-F064-4882-9FA2-AA0501D5E987}.Release|Any CPU.Build.0 = Release|Any CPU
	EndGlobalSection
	GlobalSection(SolutionProperties) = preSolution
		HideSolutionNode = FALSE
	EndGlobalSection
	GlobalSection(ExtensibilityGlobals) = postSolution
		SolutionGuid = {9644F289-923F-4505-923F-71A88AD456E3}
	EndGlobalSection
EndGlobal
